
Microsoft Visual Studio Solution File, Format Version 12.00
# Visual Studio Version 16
VisualStudioVersion = 16.0.29411.108
MinimumVisualStudioVersion = 10.0.40219.1
Project("{9A19103F-16F7-4668-BE54-9A1E7A4F7556}") = "Serilog.Sinks.MicrosoftTeams.Alternative", "Serilog.Sinks.MicrosoftTeams.Alternative\Serilog.Sinks.MicrosoftTeams.Alternative.csproj", "{8CD41BF4-028E-41D4-8C19-F07F9D37080B}"
EndProject
Project("{9A19103F-16F7-4668-BE54-9A1E7A4F7556}") = "Serilog.Sinks.MicrosoftTeams.Alternative.Tests", "Serilog.Sinks.MicrosoftTeams.Alternative.Tests\Serilog.Sinks.MicrosoftTeams.Alternative.Tests.csproj", "{E3210545-0C3B-4AAA-99FD-7DA26C072C29}"
EndProject
Global
	GlobalSection(SolutionConfigurationPlatforms) = preSolution
		Debug|Any CPU = Debug|Any CPU
		Release|Any CPU = Release|Any CPU
	EndGlobalSection
	GlobalSection(ProjectConfigurationPlatforms) = postSolution
		{8CD41BF4-028E-41D4-8C19-F07F9D37080B}.Debug|Any CPU.ActiveCfg = Debug|Any CPU
		{8CD41BF4-028E-41D4-8C19-F07F9D37080B}.Debug|Any CPU.Build.0 = Debug|Any CPU
		{8CD41BF4-028E-41D4-8C19-F07F9D37080B}.Release|Any CPU.ActiveCfg = Release|Any CPU
		{8CD41BF4-028E-41D4-8C19-F07F9D37080B}.Release|Any CPU.Build.0 = Release|Any CPU
		{E3210545-0C3B-4AAA-99FD-7DA26C072C29}.Debug|Any CPU.ActiveCfg = Debug|Any CPU
		{E3210545-0C3B-4AAA-99FD-7DA26C072C29}.Debug|Any CPU.Build.0 = Debug|Any CPU
		{E3210545-0C3B-4AAA-99FD-7DA26C072C29}.Release|Any CPU.ActiveCfg = Release|Any CPU
		{E3210545-0C3B-4AAA-99FD-7DA26C072C29}.Release|Any CPU.Build.0 = Release|Any CPU
	EndGlobalSection
	GlobalSection(SolutionProperties) = preSolution
		HideSolutionNode = FALSE
	EndGlobalSection
	GlobalSection(ExtensibilityGlobals) = postSolution
		SolutionGuid = {8E3D65A1-F7A2-42C6-9FCF-742F5AE18E50}
	EndGlobalSection
EndGlobal
